PODS:
  - TDAdsAdGain (1.1.2.9):
    - TDAdsBase (= 1.1.2.9)
  - TDAdsBase (1.1.2.9)
  - TDAdsJDSDK (1.1.2.9):
    - TDAdsBase (= 1.1.2.9)
  - TDAdsLtmb (1.1.2.9):
    - TDAdsBase (= 1.1.2.9)
  - TDAdsSDK (1.1.2.9):
    - TDAdsBase (= 1.1.2.9)

DEPENDENCIES:
  - TDAdsAdGain (= 1.1.2.9)
  - TDAdsBase (= 1.1.2.9)
  - TDAdsJDSDK (= 1.1.2.9)
  - TDAdsLtmb (= 1.1.2.9)
  - TDAdsSDK (= 1.1.2.9)

SPEC REPOS:
  trunk:
    - TDAdsAdGain
    - TDAdsBase
    - TDAdsJDSDK
    - TDAdsLtmb
    - TDAdsSDK

SPEC CHECKSUMS:
  TDAdsAdGain: 38aa5d2f91438691359cf36d47f8ec79144f83cf
  TDAdsBase: cfa5ea51f6e401634795d83ea08585011de98ce5
  TDAdsJDSDK: 298bb2eb7de0bfc4d66f578d1980138d87a496ab
  TDAdsLtmb: a4f0dde9fde41da3d723117859f4f4a6a79cde0a
  TDAdsSDK: 8d21fd9fb3594ad93efd60dc3686f852e04d4da2

PODFILE CHECKSUM: d555715a1c6f24ce0d8fb97fc7b9ec1d56b69031

COCOAPODS: 1.17.0
