PODS:
  - TDAdsAdGain (1.1.2.11):
    - TDAdsBase
  - TDAdsBase (1.1.2.11)
  - TDAdsJDSDK (1.1.2.11):
    - TDAdsBase
  - TDAdsLtmb (1.1.2.11):
    - TDAdsBase
  - TDAdsSDK (1.1.2.11):
    - TDAdsBase (= 1.1.2.11)

DEPENDENCIES:
  - TDAdsAdGain (= 1.1.2.11)
  - TDAdsBase (= 1.1.2.11)
  - TDAdsJDSDK (= 1.1.2.11)
  - TDAdsLtmb (= 1.1.2.11)
  - TDAdsSDK (= 1.1.2.11)

SPEC REPOS:
  trunk:
    - TDAdsAdGain
    - TDAdsBase
    - TDAdsJDSDK
    - TDAdsLtmb
    - TDAdsSDK

SPEC CHECKSUMS:
  TDAdsAdGain: 5f2af6a2e4d1535cc8ea7ea39904e3554fedb9a1
  TDAdsBase: d6e70760db643e4f09816196cca65ccc87223b25
  TDAdsJDSDK: 5cb5a6e4771922fabdccdc74d1cd7eb162c64ae4
  TDAdsLtmb: ea7e79c1781bfbe6b41f664397832cc01a4e8220
  TDAdsSDK: 622bb8c9c6cdfb73c62dde7679645c239d20e4c0

PODFILE CHECKSUM: 5a2d652d586e7bb4e4803d6cedc8b05c7aba7655

COCOAPODS: 1.17.0
